{
  "object": {
    "pins": [
      {
        "package": "GRDB",
        "repositoryURL": "https://github.com/ataias/GRDB.swift.git",
        "state": {
          "branch": "develop",
          "revision": "132f485b905bfe0f58732664b374a6b94730f529",
          "version": null
        }
      },
      {
        "package": "OpenCombine",
        "repositoryURL": "https://github.com/broadwaylamb/OpenCombine.git",
        "state": {
          "branch": null,
          "revision": "1496bab2724bf6f794cba8ac4d97d2a5013eeba7",
          "version": "0.8.0"
        }
      },
      {
        "package": "Transmission",
        "repositoryURL": "https://github.com/ataias/Transmission-Swift.git",
        "state": {
          "branch": null,
          "revision": "fd0920c44aa8d2eb991343a844bf36de0fae19b7",
          "version": "1.0.4-beta"
        }
      },
      {
        "package": "XMLCoder",
        "repositoryURL": "https://github.com/MaxDesiatov/XMLCoder.git",
        "state": {
          "branch": null,
          "revision": "590feacb7c486769bf0c0a654bd6bcd0e9c34fb9",
          "version": "0.11.0"
        }
      },
      {
        "package": "Yams",
        "repositoryURL": "https://github.com/jpsim/Yams.git",
        "state": {
          "branch": null,
          "revision": "53741ba55ecca5c7149d8c9f810913ec80845c69",
          "version": "3.0.0"
        }
      }
    ]
  },
  "version": 1
}
